
Microsoft Visual Studio Solution File, Format Version 12.00
# Visual Studio 2013
VisualStudioVersion = 12.0.31101.0
MinimumVisualStudioVersion = 10.0.40219.1
Project("{FAE04EC0-301F-11D3-BF4B-00C04F79EFBC}") = "HighTrustApp", "HighTrustApp\HighTrustApp.csproj", "{DC9CF963-8044-4BC5-91DA-AE02D3191BAB}"
EndProject
Project("{FAE04EC0-301F-11D3-BF4B-00C04F79EFBC}") = "HighTrustAppWeb", "HighTrustAppWeb\HighTrustAppWeb.csproj", "{3C37E247-C2D7-47D6-9470-39766B97B805}"
EndProject
Global
	GlobalSection(TeamFoundationVersionControl) = preSolution
		SccNumberOfProjects = 3
		SccEnterpriseProvider = {4CA58AB2-18FA-4F8D-95D4-32DDF27D184C}
		SccTeamFoundationServer = https://sugcat.visualstudio.com/defaultcollection
		SccLocalPath0 = .
		SccProjectUniqueName1 = HighTrustApp\\HighTrustApp.csproj
		SccProjectName1 = HighTrustApp
		SccLocalPath1 = HighTrustApp
		SccProjectUniqueName2 = HighTrustAppWeb\\HighTrustAppWeb.csproj
		SccProjectName2 = HighTrustAppWeb
		SccLocalPath2 = HighTrustAppWeb
	EndGlobalSection
	GlobalSection(SolutionConfigurationPlatforms) = preSolution
		Debug|Any CPU = Debug|Any CPU
		Release|Any CPU = Release|Any CPU
	EndGlobalSection
	GlobalSection(ProjectConfigurationPlatforms) = postSolution
		{DC9CF963-8044-4BC5-91DA-AE02D3191BAB}.Debug|Any CPU.ActiveCfg = Debug|Any CPU
		{DC9CF963-8044-4BC5-91DA-AE02D3191BAB}.Debug|Any CPU.Build.0 = Debug|Any CPU
		{DC9CF963-8044-4BC5-91DA-AE02D3191BAB}.Debug|Any CPU.Deploy.0 = Debug|Any CPU
		{DC9CF963-8044-4BC5-91DA-AE02D3191BAB}.Release|Any CPU.ActiveCfg = Release|Any CPU
		{DC9CF963-8044-4BC5-91DA-AE02D3191BAB}.Release|Any CPU.Build.0 = Release|Any CPU
		{DC9CF963-8044-4BC5-91DA-AE02D3191BAB}.Release|Any CPU.Deploy.0 = Release|Any CPU
		{3C37E247-C2D7-47D6-9470-39766B97B805}.Debug|Any CPU.ActiveCfg = Debug|Any CPU
		{3C37E247-C2D7-47D6-9470-39766B97B805}.Debug|Any CPU.Build.0 = Debug|Any CPU
		{3C37E247-C2D7-47D6-9470-39766B97B805}.Release|Any CPU.ActiveCfg = Release|Any CPU
		{3C37E247-C2D7-47D6-9470-39766B97B805}.Release|Any CPU.Build.0 = Release|Any CPU
	EndGlobalSection
	GlobalSection(SolutionProperties) = preSolution
		HideSolutionNode = FALSE
	EndGlobalSection
EndGlobal
